
Microsoft Visual Studio Solution File, Format Version 12.00
# Visual Studio Version 16
VisualStudioVersion = 16.0.28803.352
MinimumVisualStudioVersion = 10.0.40219.1
Project("{FAE04EC0-301F-11D3-BF4B-00C04F79EFBC}") = "CoffeeShopAPI", "CoffeeShopAPI\CoffeeShopAPI.csproj", "{6143DC88-6D11-4598-AEB7-5A627CBB087E}"
EndProject
Global
	GlobalSection(SolutionConfigurationPlatforms) = preSolution
		Debug|Any CPU = Debug|Any CPU
		Release|Any CPU = Release|Any CPU
	EndGlobalSection
	GlobalSection(ProjectConfigurationPlatforms) = postSolution
		{6143DC88-6D11-4598-AEB7-5A627CBB087E}.Debug|Any CPU.ActiveCfg = Debug|Any CPU
		{6143DC88-6D11-4598-AEB7-5A627CBB087E}.Debug|Any CPU.Build.0 = Debug|Any CPU
		{6143DC88-6D11-4598-AEB7-5A627CBB087E}.Release|Any CPU.ActiveCfg = Release|Any CPU
		{6143DC88-6D11-4598-AEB7-5A627CBB087E}.Release|Any CPU.Build.0 = Release|Any CPU
	EndGlobalSection
	GlobalSection(SolutionProperties) = preSolution
		HideSolutionNode = FALSE
	EndGlobalSection
	GlobalSection(ExtensibilityGlobals) = postSolution
		SolutionGuid = {EF4C1BC6-53CB-499E-8D31-6C2BFCB70B7B}
	EndGlobalSection
EndGlobal
