
Microsoft Visual Studio Solution File, Format Version 12.00
# Visual Studio Version 16
VisualStudioVersion = 16.0.28922.388
MinimumVisualStudioVersion = 10.0.40219.1
Project("{FAE04EC0-301F-11D3-BF4B-00C04F79EFBC}") = "IdentityV2", "IdentityV2\IdentityV2.csproj", "{21027597-2F72-4340-B767-387C2A243401}"
EndProject
Global
	GlobalSection(SolutionConfigurationPlatforms) = preSolution
		Debug|Any CPU = Debug|Any CPU
		Release|Any CPU = Release|Any CPU
	EndGlobalSection
	GlobalSection(ProjectConfigurationPlatforms) = postSolution
		{21027597-2F72-4340-B767-387C2A243401}.Debug|Any CPU.ActiveCfg = Debug|Any CPU
		{21027597-2F72-4340-B767-387C2A243401}.Debug|Any CPU.Build.0 = Debug|Any CPU
		{21027597-2F72-4340-B767-387C2A243401}.Release|Any CPU.ActiveCfg = Release|Any CPU
		{21027597-2F72-4340-B767-387C2A243401}.Release|Any CPU.Build.0 = Release|Any CPU
	EndGlobalSection
	GlobalSection(SolutionProperties) = preSolution
		HideSolutionNode = FALSE
	EndGlobalSection
	GlobalSection(ExtensibilityGlobals) = postSolution
		SolutionGuid = {B87562DF-0AC4-4750-BDFD-25C8A2E2BBE0}
	EndGlobalSection
EndGlobal
